// !$*UTF8*$!
{
	archiveVersion = 1;
	classes = {
	};
	objectVersion = 46;
	objects = {

/* Begin PBXBuildFile section */
		0A38BAEE1A140DE400231600 /* main.m in Sources */ = {isa = PBXBuildFile; fileRef = 0A38BAED1A140DE400231600 /* main.m */; };
		0A38BAF11A140DE400231600 /* AppDelegate.m in Sources */ = {isa = PBXBuildFile; fileRef = 0A38BAF01A140DE400231600 /* AppDelegate.m */; };
		0A38BAF41A140DE400231600 /* Chat.xcdatamodeld in Sources */ = {isa = PBXBuildFile; fileRef = 0A38BAF21A140DE400231600 /* Chat.xcdatamodeld */; };
		0A38BAF71A140DE400231600 /* ViewController.m in Sources */ = {isa = PBXBuildFile; fileRef = 0A38BAF61A140DE400231600 /* ViewController.m */; };
		0A38BAFA1A140DE400231600 /* Main.storyboard in Resources */ = {isa = PBXBuildFile; fileRef = 0A38BAF81A140DE400231600 /* Main.storyboard */; };
		0A38BAFC1A140DE400231600 /* Images.xcassets in Resources */ = {isa = PBXBuildFile; fileRef = 0A38BAFB1A140DE400231600 /* Images.xcassets */; };
		0A38BAFF1A140DE400231600 /* LaunchScreen.xib in Resources */ = {isa = PBXBuildFile; fileRef = 0A38BAFD1A140DE400231600 /* LaunchScreen.xib */; };
		0A38BB0B1A140DE400231600 /* ChatTests.m in Sources */ = {isa = PBXBuildFile; fileRef = 0A38BB0A1A140DE400231600 /* ChatTests.m */; };
/* End PBXBuildFile section */

/* Begin PBXContainerItemProxy section */
		0A38BB051A140DE400231600 /* PBXContainerItemProxy */ = {
			isa = PBXContainerItemProxy;
			containerPortal = 0A38BAE01A140DE400231600 /* Project object */;
			proxyType = 1;
			remoteGlobalIDString = 0A38BAE71A140DE400231600;
			remoteInfo = Chat;
		};
/* End PBXContainerItemProxy section */

/* Begin PBXFileReference section */
		0A38BAE81A140DE400231600 /* Chat.app */ = {isa = PBXFileReference; explicitFileType = wrapper.application; includeInIndex = 0; path = Chat.app; sourceTree = BUILT_PRODUCTS_DIR; };
		0A38BAEC1A140DE400231600 /* Info.plist */ = {isa = PBXFileReference; lastKnownFileType = text.plist.xml; path = Info.plist; sourceTree = "<group>"; };
		0A38BAED1A140DE400231600 /* main.m */ = {isa = PBXFileReference; lastKnownFileType = sourcecode.c.objc; path = main.m; sourceTree = "<group>"; };
		0A38BAEF1A140DE400231600 /* AppDelegate.h */ = {isa = PBXFileReference; lastKnownFileType = sourcecode.c.h; path = AppDelegate.h; sourceTree = "<group>"; };
		0A38BAF01A140DE400231600 /* AppDelegate.m */ = {isa = PBXFileReference; lastKnownFileType = sourcecode.c.objc; path = AppDelegate.m; sourceTree = "<group>"; };
		0A38BAF31A140DE400231600 /* Chat.xcdatamodel */ = {isa = PBXFileReference; lastKnownFileType = wrapper.xcdatamodel; path = Chat.xcdatamodel; sourceTree = "<group>"; };
		0A38BAF51A140DE400231600 /* ViewController.h */ = {isa = PBXFileReference; lastKnownFileType = sourcecode.c.h; path = ViewController.h; sourceTree = "<group>"; };
		0A38BAF61A140DE400231600 /* ViewController.m */ = {isa = PBXFileReference; lastKnownFileType = sourcecode.c.objc; path = ViewController.m; sourceTree = "<group>"; };
		0A38BAF91A140DE400231600 /* Base */ = {isa = PBXFileReference; lastKnownFileType = file.storyboard; name = Base; path = Base.lproj/Main.storyboard; sourceTree = "<group>"; };
		0A38BAFB1A140DE400231600 /* Images.xcassets */ = {isa = PBXFileReference; lastKnownFileType = folder.assetcatalog; path = Images.xcassets; sourceTree = "<group>"; };
		0A38BAFE1A140DE400231600 /* Base */ = {isa = PBXFileReference; lastKnownFileType = file.xib; name = Base; path = Base.lproj/LaunchScreen.xib; sourceTree = "<group>"; };
		0A38BB041A140DE400231600 /* ChatTests.xctest */ = {isa = PBXFileReference; explicitFileType = wrapper.cfbundle; includeInIndex = 0; path = ChatTests.xctest; sourceTree = BUILT_PRODUCTS_DIR; };
		0A38BB091A140DE400231600 /* Info.plist */ = {isa = PBXFileReference; lastKnownFileType = text.plist.xml; path = Info.plist; sourceTree = "<group>"; };
		0A38BB0A1A140DE400231600 /* ChatTests.m */ = {isa = PBXFileReference; lastKnownFileType = sourcecode.c.objc; path = ChatTests.m; sourceTree = "<group>"; };
/* End PBXFileReference section */

/* Begin PBXFrameworksBuildPhase section */
		0A38BAE51A140DE400231600 /* Frameworks */ = {
			isa = PBXFrameworksBuildPhase;
			buildActionMask = 2147483647;
			files = (
			);
			runOnlyForDeploymentPostprocessing = 0;
		};
		0A38BB011A140DE400231600 /* Frameworks */ = {
			isa = PBXFrameworksBuildPhase;
			buildActionMask = 2147483647;
			files = (
			);
			runOnlyForDeploymentPostprocessing = 0;
		};
/* End PBXFrameworksBuildPhase section */

/* Begin PBXGroup section */
		0A38BADF1A140DE400231600 = {
			isa = PBXGroup;
			children = (
				0A38BAEA1A140DE400231600 /* Chat */,
				0A38BB071A140DE400231600 /* ChatTests */,
				0A38BAE91A140DE400231600 /* Products */,
			);
			sourceTree = "<group>";
		};
		0A38BAE91A140DE400231600 /* Products */ = {
			isa = PBXGroup;
			children = (
				0A38BAE81A140DE400231600 /* Chat.app */,
				0A38BB041A140DE400231600 /* ChatTests.xctest */,
			);
			name = Products;
			sourceTree = "<group>";
		};
		0A38BAEA1A140DE400231600 /* Chat */ = {
			isa = PBXGroup;
			children = (
				0A38BAEF1A140DE400231600 /* AppDelegate.h */,
				0A38BAF01A140DE400231600 /* AppDelegate.m */,
				0A38BAF51A140DE400231600 /* ViewController.h */,
				0A38BAF61A140DE400231600 /* ViewController.m */,
				0A38BAF81A140DE400231600 /* Main.storyboard */,
				0A38BAFB1A140DE400231600 /* Images.xcassets */,
				0A38BAFD1A140DE400231600 /* LaunchScreen.xib */,
				0A38BAF21A140DE400231600 /* Chat.xcdatamodeld */,
				0A38BAEB1A140DE400231600 /* Supporting Files */,
			);
			path = Chat;
			sourceTree = "<group>";
		};
		0A38BAEB1A140DE400231600 /* Supporting Files */ = {
			isa = PBXGroup;
			children = (
				0A38BAEC1A140DE400231600 /* Info.plist */,
				0A38BAED1A140DE400231600 /* main.m */,
			);
			name = "Supporting Files";
			sourceTree = "<group>";
		};
		0A38BB071A140DE400231600 /* ChatTests */ = {
			isa = PBXGroup;
			children = (
				0A38BB0A1A140DE400231600 /* ChatTests.m */,
				0A38BB081A140DE400231600 /* Supporting Files */,
			);
			path = ChatTests;
			sourceTree = "<group>";
		};
		0A38BB081A140DE400231600 /* Supporting Files */ = {
			isa = PBXGroup;
			children = (
				0A38BB091A140DE400231600 /* Info.plist */,
			);
			name = "Supporting Files";
			sourceTree = "<group>";
		};
/* End PBXGroup section */

/* Begin PBXNativeTarget section */
		0A38BAE71A140DE400231600 /* Chat */ = {
			isa = PBXNativeTarget;
			buildConfigurationList = 0A38BB0E1A140DE400231600 /* Build configuration list for PBXNativeTarget "Chat" */;
			buildPhases = (
				0A38BAE41A140DE400231600 /* Sources */,
				0A38BAE51A140DE400231600 /* Frameworks */,
				0A38BAE61A140DE400231600 /* Resources */,
			);
			buildRules = (
			);
			dependencies = (
			);
			name = Chat;
			productName = Chat;
			productReference = 0A38BAE81A140DE400231600 /* Chat.app */;
			productType = "com.apple.product-type.application";
		};
		0A38BB031A140DE400231600 /* ChatTests */ = {
			isa = PBXNativeTarget;
			buildConfigurationList = 0A38BB111A140DE400231600 /* Build configuration list for PBXNativeTarget "ChatTests" */;
			buildPhases = (
				0A38BB001A140DE400231600 /* Sources */,
				0A38BB011A140DE400231600 /* Frameworks */,
				0A38BB021A140DE400231600 /* Resources */,
			);
			buildRules = (
			);
			dependencies = (
				0A38BB061A140DE400231600 /* PBXTargetDependency */,
			);
			name = ChatTests;
			productName = ChatTests;
			productReference = 0A38BB041A140DE400231600 /* ChatTests.xctest */;
			productType = "com.apple.product-type.bundle.unit-test";
		};
/* End PBXNativeTarget section */

/* Begin PBXProject section */
		0A38BAE01A140DE400231600 /* Project object */ = {
			isa = PBXProject;
			attributes = {
				LastUpgradeCheck = 0610;
				ORGANIZATIONNAME = YOUR_ORGANIZATION_NAME;
				TargetAttributes = {
					0A38BAE71A140DE400231600 = {
						CreatedOnToolsVersion = 6.1;
					};
					0A38BB031A140DE400231600 = {
						CreatedOnToolsVersion = 6.1;
						TestTargetID = 0A38BAE71A140DE400231600;
					};
				};
			};
			buildConfigurationList = 0A38BAE31A140DE400231600 /* Build configuration list for PBXProject "Chat" */;
			compatibilityVersion = "Xcode 3.2";
			developmentRegion = English;
			hasScannedForEncodings = 0;
			knownRegions = (
				en,
				Base,
			);
			mainGroup = 0A38BADF1A140DE400231600;
			productRefGroup = 0A38BAE91A140DE400231600 /* Products */;
			projectDirPath = "";
			projectRoot = "";
			targets = (
				0A38BAE71A140DE400231600 /* Chat */,
				0A38BB031A140DE400231600 /* ChatTests */,
			);
		};
/* End PBXProject section */

/* Begin PBXResourcesBuildPhase section */
		0A38BAE61A140DE400231600 /* Resources */ = {
			isa = PBXResourcesBuildPhase;
			buildActionMask = 2147483647;
			files = (
				0A38BAFA1A140DE400231600 /* Main.storyboard in Resources */,
				0A38BAFF1A140DE400231600 /* LaunchScreen.xib in Resources */,
				0A38BAFC1A140DE400231600 /* Images.xcassets in Resources */,
			);
			runOnlyForDeploymentPostprocessing = 0;
		};
		0A38BB021A140DE400231600 /* Resources */ = {
			isa = PBXResourcesBuildPhase;
			buildActionMask = 2147483647;
			files = (
			);
			runOnlyForDeploymentPostprocessing = 0;
		};
/* End PBXResourcesBuildPhase section */

/* Begin PBXSourcesBuildPhase section */
		0A38BAE41A140DE400231600 /* Sources */ = {
			isa = PBXSourcesBuildPhase;
			buildActionMask = 2147483647;
			files = (
				0A38BAF41A140DE400231600 /* Chat.xcdatamodeld in Sources */,
				0A38BAF11A140DE400231600 /* AppDelegate.m in Sources */,
				0A38BAF71A140DE400231600 /* ViewController.m in Sources */,
				0A38BAEE1A140DE400231600 /* main.m in Sources */,
			);
			runOnlyForDeploymentPostprocessing = 0;
		};
		0A38BB001A140DE400231600 /* Sources */ = {
			isa = PBXSourcesBuildPhase;
			buildActionMask = 2147483647;
			files = (
				0A38BB0B1A140DE400231600 /* ChatTests.m in Sources */,
			);
			runOnlyForDeploymentPostprocessing = 0;
		};
/* End PBXSourcesBuildPhase section */

/* Begin PBXTargetDependency section */
		0A38BB061A140DE400231600 /* PBXTargetDependency */ = {
			isa = PBXTargetDependency;
			target = 0A38BAE71A140DE400231600 /* Chat */;
			targetProxy = 0A38BB051A140DE400231600 /* PBXContainerItemProxy */;
		};
/* End PBXTargetDependency section */

/* Begin PBXVariantGroup section */
		0A38BAF81A140DE400231600 /* Main.storyboard */ = {
			isa = PBXVariantGroup;
			children = (
				0A38BAF91A140DE400231600 /* Base */,
			);
			name = Main.storyboard;
			sourceTree = "<group>";
		};
		0A38BAFD1A140DE400231600 /* LaunchScreen.xib */ = {
			isa = PBXVariantGroup;
			children = (
				0A38BAFE1A140DE400231600 /* Base */,
			);
			name = LaunchScreen.xib;
			sourceTree = "<group>";
		};
/* End PBXVariantGroup section */

/* Begin XCBuildConfiguration section */
		0A38BB0C1A140DE400231600 /* Debug */ = {
			isa = XCBuildConfiguration;
			buildSettings = {
				ALWAYS_SEARCH_USER_PATHS = NO;
				CLANG_CXX_LANGUAGE_STANDARD = "gnu++0x";
				CLANG_CXX_LIBRARY = "libc++";
				CLANG_ENABLE_MODULES = YES;
				CLANG_ENABLE_OBJC_ARC = YES;
				CLANG_WARN_BOOL_CONVERSION = YES;
				CLANG_WARN_CONSTANT_CONVERSION = YES;
				CLANG_WARN_DIRECT_OBJC_ISA_USAGE = YES_ERROR;
				CLANG_WARN_EMPTY_BODY = YES;
				CLANG_WARN_ENUM_CONVERSION = YES;
				CLANG_WARN_INT_CONVERSION = YES;
				CLANG_WARN_OBJC_ROOT_CLASS = YES_ERROR;
				CLANG_WARN_UNREACHABLE_CODE = YES;
				CLANG_WARN__DUPLICATE_METHOD_MATCH = YES;
				"CODE_SIGN_IDENTITY[sdk=iphoneos*]" = "iPhone Developer";
				COPY_PHASE_STRIP = NO;
				ENABLE_STRICT_OBJC_MSGSEND = YES;
				GCC_C_LANGUAGE_STANDARD = gnu99;
				GCC_DYNAMIC_NO_PIC = NO;
				GCC_OPTIMIZATION_LEVEL = 0;
				GCC_PREPROCESSOR_DEFINITIONS = (
					"DEBUG=1",
					"$(inherited)",
				);
				GCC_SYMBOLS_PRIVATE_EXTERN = NO;
				GCC_WARN_64_TO_32_BIT_CONVERSION = YES;
				GCC_WARN_ABOUT_RETURN_TYPE = YES_ERROR;
				GCC_WARN_UNDECLARED_SELECTOR = YES;
				GCC_WARN_UNINITIALIZED_AUTOS = YES_AGGRESSIVE;
				GCC_WARN_UNUSED_FUNCTION = YES;
				GCC_WARN_UNUSED_VARIABLE = YES;
				IPHONEOS_DEPLOYMENT_TARGET = 8.1;
				MTL_ENABLE_DEBUG_INFO = YES;
				ONLY_ACTIVE_ARCH = YES;
				SDKROOT = iphoneos;
			};
			name = Debug;
		};
		0A38BB0D1A140DE400231600 /* Release */ = {
			isa = XCBuildConfiguration;
			buildSettings = {
				ALWAYS_SEARCH_USER_PATHS = NO;
				CLANG_CXX_LANGUAGE_STANDARD = "gnu++0x";
				CLANG_CXX_LIBRARY = "libc++";
				CLANG_ENABLE_MODULES = YES;
				CLANG_ENABLE_OBJC_ARC = YES;
				CLANG_WARN_BOOL_CONVERSION = YES;
				CLANG_WARN_CONSTANT_CONVERSION = YES;
				CLANG_WARN_DIRECT_OBJC_ISA_USAGE = YES_ERROR;
				CLANG_WARN_EMPTY_BODY = YES;
				CLANG_WARN_ENUM_CONVERSION = YES;
				CLANG_WARN_INT_CONVERSION = YES;
				CLANG_WARN_OBJC_ROOT_CLASS = YES_ERROR;
				CLANG_WARN_UNREACHABLE_CODE = YES;
				CLANG_WARN__DUPLICATE_METHOD_MATCH = YES;
				"CODE_SIGN_IDENTITY[sdk=iphoneos*]" = "iPhone Developer";
				COPY_PHASE_STRIP = YES;
				ENABLE_NS_ASSERTIONS = NO;
				ENABLE_STRICT_OBJC_MSGSEND = YES;
				GCC_C_LANGUAGE_STANDARD = gnu99;
				GCC_WARN_64_TO_32_BIT_CONVERSION = YES;
				GCC_WARN_ABOUT_RETURN_TYPE = YES_ERROR;
				GCC_WARN_UNDECLARED_SELECTOR = YES;
				GCC_WARN_UNINITIALIZED_AUTOS = YES_AGGRESSIVE;
				GCC_WARN_UNUSED_FUNCTION = YES;
				GCC_WARN_UNUSED_VARIABLE = YES;
				IPHONEOS_DEPLOYMENT_TARGET = 8.1;
				MTL_ENABLE_DEBUG_INFO = NO;
				SDKROOT = iphoneos;
				VALIDATE_PRODUCT = YES;
			};
			name = Release;
		};
		0A38BB0F1A140DE400231600 /* Debug */ = {
			isa = XCBuildConfiguration;
			buildSettings = {
				ASSETCATALOG_COMPILER_APPICON_NAME = AppIcon;
				INFOPLIST_FILE = Chat/Info.plist;
				LD_RUNPATH_SEARCH_PATHS = "$(inherited) @executable_path/Frameworks";
				PRODUCT_NAME = "$(TARGET_NAME)";
			};
			name = Debug;
		};
		0A38BB101A140DE400231600 /* Release */ = {
			isa = XCBuildConfiguration;
			buildSettings = {
				ASSETCATALOG_COMPILER_APPICON_NAME = AppIcon;
				INFOPLIST_FILE = Chat/Info.plist;
				LD_RUNPATH_SEARCH_PATHS = "$(inherited) @executable_path/Frameworks";
				PRODUCT_NAME = "$(TARGET_NAME)";
			};
			name = Release;
		};
		0A38BB121A140DE400231600 /* Debug */ = {
			isa = XCBuildConfiguration;
			buildSettings = {
				BUNDLE_LOADER = "$(TEST_HOST)";
				FRAMEWORK_SEARCH_PATHS = (
					"$(SDKROOT)/Developer/Library/Frameworks",
					"$(inherited)",
				);
				GCC_PREPROCESSOR_DEFINITIONS = (
					"DEBUG=1",
					"$(inherited)",
				);
				INFOPLIST_FILE = ChatTests/Info.plist;
				LD_RUNPATH_SEARCH_PATHS = "$(inherited) @executable_path/Frameworks @loader_path/Frameworks";
				PRODUCT_NAME = "$(TARGET_NAME)";
				TEST_HOST = "$(BUILT_PRODUCTS_DIR)/Chat.app/Chat";
			};
			name = Debug;
		};
		0A38BB131A140DE400231600 /* Release */ = {
			isa = XCBuildConfiguration;
			buildSettings = {
				BUNDLE_LOADER = "$(TEST_HOST)";
				FRAMEWORK_SEARCH_PATHS = (
					"$(SDKROOT)/Developer/Library/Frameworks",
					"$(inherited)",
				);
				INFOPLIST_FILE = ChatTests/Info.plist;
				LD_RUNPATH_SEARCH_PATHS = "$(inherited) @executable_path/Frameworks @loader_path/Frameworks";
				PRODUCT_NAME = "$(TARGET_NAME)";
				TEST_HOST = "$(BUILT_PRODUCTS_DIR)/Chat.app/Chat";
			};
			name = Release;
		};
/* End XCBuildConfiguration section */

/* Begin XCConfigurationList section */
		0A38BAE31A140DE400231600 /* Build configuration list for PBXProject "Chat" */ = {
			isa = XCConfigurationList;
			buildConfigurations = (
				0A38BB0C1A140DE400231600 /* Debug */,
				0A38BB0D1A140DE400231600 /* Release */,
			);
			defaultConfigurationIsVisible = 0;
			defaultConfigurationName = Release;
		};
		0A38BB0E1A140DE400231600 /* Build configuration list for PBXNativeTarget "Chat" */ = {
			isa = XCConfigurationList;
			buildConfigurations = (
				0A38BB0F1A140DE400231600 /* Debug */,
				0A38BB101A140DE400231600 /* Release */,
			);
			defaultConfigurationIsVisible = 0;
		};
		0A38BB111A140DE400231600 /* Build configuration list for PBXNativeTarget "ChatTests" */ = {
			isa = XCConfigurationList;
			buildConfigurations = (
				0A38BB121A140DE400231600 /* Debug */,
				0A38BB131A140DE400231600 /* Release */,
			);
			defaultConfigurationIsVisible = 0;
		};
/* End XCConfigurationList section */

/* Begin XCVersionGroup section */
		0A38BAF21A140DE400231600 /* Chat.xcdatamodeld */ = {
			isa = XCVersionGroup;
			children = (
				0A38BAF31A140DE400231600 /* Chat.xcdatamodel */,
			);
			currentVersion = 0A38BAF31A140DE400231600 /* Chat.xcdatamodel */;
			path = Chat.xcdatamodeld;
			sourceTree = "<group>";
			versionGroupType = wrapper.xcdatamodel;
		};
/* End XCVersionGroup section */
	};
	rootObject = 0A38BAE01A140DE400231600 /* Project object */;
}
